
Microsoft Visual Studio Solution File, Format Version 12.00
# Visual Studio 15
VisualStudioVersion = 15.0.27130.2026
MinimumVisualStudioVersion = 10.0.40219.1
Project("{FAE04EC0-301F-11D3-BF4B-00C04F79EFBC}") = "EasyHomeChef", "EasyHomeChef\EasyHomeChef.csproj", "{A3EFD976-6C84-4594-B1AE-883F813492B5}"
EndProject
Project("{FAE04EC0-301F-11D3-BF4B-00C04F79EFBC}") = "EasyHomeChef.Tests", "EasyHomeChef.Tests\EasyHomeChef.Tests.csproj", "{2A073BD6-261C-48FD-8BA0-A2C28089477A}"
EndProject
Project("{2150E333-8FDC-42A3-9474-1A3956D46DE8}") = "Testes", "Testes", "{53983E14-E504-421E-B217-965C4CB941CE}"
EndProject
Global
	GlobalSection(SolutionConfigurationPlatforms) = preSolution
		Debug|Any CPU = Debug|Any CPU
		Debug|ARM = Debug|ARM
		Debug|x64 = Debug|x64
		Debug|x86 = Debug|x86
		Release|Any CPU = Release|Any CPU
		Release|ARM = Release|ARM
		Release|x64 = Release|x64
		Release|x86 = Release|x86
	EndGlobalSection
	GlobalSection(ProjectConfigurationPlatforms) = postSolution
		{A3EFD976-6C84-4594-B1AE-883F813492B5}.Debug|Any CPU.ActiveCfg = Debug|Any CPU
		{A3EFD976-6C84-4594-B1AE-883F813492B5}.Debug|Any CPU.Build.0 = Debug|Any CPU
		{A3EFD976-6C84-4594-B1AE-883F813492B5}.Debug|ARM.ActiveCfg = Debug|Any CPU
		{A3EFD976-6C84-4594-B1AE-883F813492B5}.Debug|ARM.Build.0 = Debug|Any CPU
		{A3EFD976-6C84-4594-B1AE-883F813492B5}.Debug|x64.ActiveCfg = Debug|Any CPU
		{A3EFD976-6C84-4594-B1AE-883F813492B5}.Debug|x64.Build.0 = Debug|Any CPU
		{A3EFD976-6C84-4594-B1AE-883F813492B5}.Debug|x86.ActiveCfg = Debug|Any CPU
		{A3EFD976-6C84-4594-B1AE-883F813492B5}.Debug|x86.Build.0 = Debug|Any CPU
		{A3EFD976-6C84-4594-B1AE-883F813492B5}.Release|Any CPU.ActiveCfg = Release|Any CPU
		{A3EFD976-6C84-4594-B1AE-883F813492B5}.Release|Any CPU.Build.0 = Release|Any CPU
		{A3EFD976-6C84-4594-B1AE-883F813492B5}.Release|ARM.ActiveCfg = Release|Any CPU
		{A3EFD976-6C84-4594-B1AE-883F813492B5}.Release|ARM.Build.0 = Release|Any CPU
		{A3EFD976-6C84-4594-B1AE-883F813492B5}.Release|x64.ActiveCfg = Release|Any CPU
		{A3EFD976-6C84-4594-B1AE-883F813492B5}.Release|x64.Build.0 = Release|Any CPU
		{A3EFD976-6C84-4594-B1AE-883F813492B5}.Release|x86.ActiveCfg = Release|Any CPU
		{A3EFD976-6C84-4594-B1AE-883F813492B5}.Release|x86.Build.0 = Release|Any CPU
		{2A073BD6-261C-48FD-8BA0-A2C28089477A}.Debug|Any CPU.ActiveCfg = Debug|Any CPU
		{2A073BD6-261C-48FD-8BA0-A2C28089477A}.Debug|Any CPU.Build.0 = Debug|Any CPU
		{2A073BD6-261C-48FD-8BA0-A2C28089477A}.Debug|ARM.ActiveCfg = Debug|Any CPU
		{2A073BD6-261C-48FD-8BA0-A2C28089477A}.Debug|ARM.Build.0 = Debug|Any CPU
		{2A073BD6-261C-48FD-8BA0-A2C28089477A}.Debug|x64.ActiveCfg = Debug|Any CPU
		{2A073BD6-261C-48FD-8BA0-A2C28089477A}.Debug|x64.Build.0 = Debug|Any CPU
		{2A073BD6-261C-48FD-8BA0-A2C28089477A}.Debug|x86.ActiveCfg = Debug|Any CPU
		{2A073BD6-261C-48FD-8BA0-A2C28089477A}.Debug|x86.Build.0 = Debug|Any CPU
		{2A073BD6-261C-48FD-8BA0-A2C28089477A}.Release|Any CPU.ActiveCfg = Release|Any CPU
		{2A073BD6-261C-48FD-8BA0-A2C28089477A}.Release|Any CPU.Build.0 = Release|Any CPU
		{2A073BD6-261C-48FD-8BA0-A2C28089477A}.Release|ARM.ActiveCfg = Release|Any CPU
		{2A073BD6-261C-48FD-8BA0-A2C28089477A}.Release|ARM.Build.0 = Release|Any CPU
		{2A073BD6-261C-48FD-8BA0-A2C28089477A}.Release|x64.ActiveCfg = Release|Any CPU
		{2A073BD6-261C-48FD-8BA0-A2C28089477A}.Release|x64.Build.0 = Release|Any CPU
		{2A073BD6-261C-48FD-8BA0-A2C28089477A}.Release|x86.ActiveCfg = Release|Any CPU
		{2A073BD6-261C-48FD-8BA0-A2C28089477A}.Release|x86.Build.0 = Release|Any CPU
	EndGlobalSection
	GlobalSection(SolutionProperties) = preSolution
		HideSolutionNode = FALSE
	EndGlobalSection
	GlobalSection(NestedProjects) = preSolution
		{2A073BD6-261C-48FD-8BA0-A2C28089477A} = {53983E14-E504-421E-B217-965C4CB941CE}
	EndGlobalSection
	GlobalSection(ExtensibilityGlobals) = postSolution
		SolutionGuid = {43D6C8EF-955C-4BDB-801C-885A3B8B72D5}
	EndGlobalSection
EndGlobal
